{
  "name": "egg-shell-plus",
  "version": "1.0.3",
  "lockfileVersion": 1,
  "requires": true,
  "dependencies": {
    "gitignore-parser": {
      "version": "0.0.2",
      "resolved": "https://registry.npmjs.org/gitignore-parser/-/gitignore-parser-0.0.2.tgz",
      "integrity": "sha1-9hJZuYXdkUFLmnFo+u+RccLuxd8="
    }
  }
}
